
Microsoft Visual Studio Solution File, Format Version 12.00
# Visual Studio Version 17
VisualStudioVersion = 17.3.32901.215
MinimumVisualStudioVersion = 10.0.40219.1
Project("{FAE04EC0-301F-11D3-BF4B-00C04F79EFBC}") = "egzamin", "egzamin\egzamin.csproj", "{163BB573-0501-423E-AC7C-4C8A851BC710}"
EndProject
Global
	GlobalSection(SolutionConfigurationPlatforms) = preSolution
		Debug|Any CPU = Debug|Any CPU
		Release|Any CPU = Release|Any CPU
	EndGlobalSection
	GlobalSection(ProjectConfigurationPlatforms) = postSolution
		{163BB573-0501-423E-AC7C-4C8A851BC710}.Debug|Any CPU.ActiveCfg = Debug|Any CPU
		{163BB573-0501-423E-AC7C-4C8A851BC710}.Debug|Any CPU.Build.0 = Debug|Any CPU
		{163BB573-0501-423E-AC7C-4C8A851BC710}.Release|Any CPU.ActiveCfg = Release|Any CPU
		{163BB573-0501-423E-AC7C-4C8A851BC710}.Release|Any CPU.Build.0 = Release|Any CPU
	EndGlobalSection
	GlobalSection(SolutionProperties) = preSolution
		HideSolutionNode = FALSE
	EndGlobalSection
	GlobalSection(ExtensibilityGlobals) = postSolution
		SolutionGuid = {D2071109-97A9-492E-B72F-199644482B1C}
	EndGlobalSection
EndGlobal
