
Microsoft Visual Studio Solution File, Format Version 12.00
# Visual Studio Version 17
VisualStudioVersion = 17.3.32922.545
MinimumVisualStudioVersion = 10.0.40219.1
Project("{FAE04EC0-301F-11D3-BF4B-00C04F79EFBC}") = "lab8", "lab8\lab8.csproj", "{3C203F04-F7F1-4148-8ECD-7B07F4889CFA}"
EndProject
Global
	GlobalSection(SolutionConfigurationPlatforms) = preSolution
		Debug|Any CPU = Debug|Any CPU
		Release|Any CPU = Release|Any CPU
	EndGlobalSection
	GlobalSection(ProjectConfigurationPlatforms) = postSolution
		{3C203F04-F7F1-4148-8ECD-7B07F4889CFA}.Debug|Any CPU.ActiveCfg = Debug|Any CPU
		{3C203F04-F7F1-4148-8ECD-7B07F4889CFA}.Debug|Any CPU.Build.0 = Debug|Any CPU
		{3C203F04-F7F1-4148-8ECD-7B07F4889CFA}.Release|Any CPU.ActiveCfg = Release|Any CPU
		{3C203F04-F7F1-4148-8ECD-7B07F4889CFA}.Release|Any CPU.Build.0 = Release|Any CPU
	EndGlobalSection
	GlobalSection(SolutionProperties) = preSolution
		HideSolutionNode = FALSE
	EndGlobalSection
	GlobalSection(ExtensibilityGlobals) = postSolution
		SolutionGuid = {88188120-8E65-466F-B348-DCC2A5F05534}
	EndGlobalSection
EndGlobal
